
Microsoft Visual Studio Solution File, Format Version 12.00
# Visual Studio Version 17
VisualStudioVersion = 17.3.32825.248
MinimumVisualStudioVersion = 10.0.40219.1
Project("{9A19103F-16F7-4668-BE54-9A1E7A4F7556}") = "RazorPagesDemoYoutube", "RazorPagesDemoYoutube\RazorPagesDemoYoutube.csproj", "{9D6D3C41-39CF-42C6-9BA0-BC6F19406FB9}"
EndProject
Global
	GlobalSection(SolutionConfigurationPlatforms) = preSolution
		Debug|Any CPU = Debug|Any CPU
		Release|Any CPU = Release|Any CPU
	EndGlobalSection
	GlobalSection(ProjectConfigurationPlatforms) = postSolution
		{9D6D3C41-39CF-42C6-9BA0-BC6F19406FB9}.Debug|Any CPU.ActiveCfg = Debug|Any CPU
		{9D6D3C41-39CF-42C6-9BA0-BC6F19406FB9}.Debug|Any CPU.Build.0 = Debug|Any CPU
		{9D6D3C41-39CF-42C6-9BA0-BC6F19406FB9}.Release|Any CPU.ActiveCfg = Release|Any CPU
		{9D6D3C41-39CF-42C6-9BA0-BC6F19406FB9}.Release|Any CPU.Build.0 = Release|Any CPU
	EndGlobalSection
	GlobalSection(SolutionProperties) = preSolution
		HideSolutionNode = FALSE
	EndGlobalSection
	GlobalSection(ExtensibilityGlobals) = postSolution
		SolutionGuid = {B4811C43-0F53-4693-9918-9D8BF0806D16}
	EndGlobalSection
EndGlobal
