
Microsoft Visual Studio Solution File, Format Version 12.00
# Visual Studio Version 17
VisualStudioVersion = 17.6.33723.286
MinimumVisualStudioVersion = 10.0.40219.1
Project("{FAE04EC0-301F-11D3-BF4B-00C04F79EFBC}") = "DemoSignalRChat", "DemoSignalRChat\DemoSignalRChat.csproj", "{4427DAA5-B2F1-4602-8C60-AF59C4DECAC8}"
EndProject
Global
	GlobalSection(SolutionConfigurationPlatforms) = preSolution
		Debug|Any CPU = Debug|Any CPU
		Release|Any CPU = Release|Any CPU
	EndGlobalSection
	GlobalSection(ProjectConfigurationPlatforms) = postSolution
		{4427DAA5-B2F1-4602-8C60-AF59C4DECAC8}.Debug|Any CPU.ActiveCfg = Debug|Any CPU
		{4427DAA5-B2F1-4602-8C60-AF59C4DECAC8}.Debug|Any CPU.Build.0 = Debug|Any CPU
		{4427DAA5-B2F1-4602-8C60-AF59C4DECAC8}.Release|Any CPU.ActiveCfg = Release|Any CPU
		{4427DAA5-B2F1-4602-8C60-AF59C4DECAC8}.Release|Any CPU.Build.0 = Release|Any CPU
	EndGlobalSection
	GlobalSection(SolutionProperties) = preSolution
		HideSolutionNode = FALSE
	EndGlobalSection
	GlobalSection(ExtensibilityGlobals) = postSolution
		SolutionGuid = {7B9CC4DE-0855-4C06-B10D-A0B56AD4ED54}
	EndGlobalSection
EndGlobal
